
Microsoft Visual Studio Solution File, Format Version 12.00
# Visual Studio Version 17
VisualStudioVersion = 17.0.32014.148
MinimumVisualStudioVersion = 10.0.40219.1
Project("{FAE04EC0-301F-11D3-BF4B-00C04F79EFBC}") = "mygitapp", "mygitapp\mygitapp.csproj", "{6F8239D3-D8C7-42DD-AF34-C6E53F59C025}"
EndProject
Global
	GlobalSection(SolutionConfigurationPlatforms) = preSolution
		Debug|Any CPU = Debug|Any CPU
		Release|Any CPU = Release|Any CPU
	EndGlobalSection
	GlobalSection(ProjectConfigurationPlatforms) = postSolution
		{6F8239D3-D8C7-42DD-AF34-C6E53F59C025}.Debug|Any CPU.ActiveCfg = Debug|Any CPU
		{6F8239D3-D8C7-42DD-AF34-C6E53F59C025}.Debug|Any CPU.Build.0 = Debug|Any CPU
		{6F8239D3-D8C7-42DD-AF34-C6E53F59C025}.Release|Any CPU.ActiveCfg = Release|Any CPU
		{6F8239D3-D8C7-42DD-AF34-C6E53F59C025}.Release|Any CPU.Build.0 = Release|Any CPU
	EndGlobalSection
	GlobalSection(SolutionProperties) = preSolution
		HideSolutionNode = FALSE
	EndGlobalSection
	GlobalSection(ExtensibilityGlobals) = postSolution
		SolutionGuid = {4CE86ADB-E4DC-4417-A418-F2226E655A2A}
	EndGlobalSection
EndGlobal
